
Microsoft Visual Studio Solution File, Format Version 12.00
# Visual Studio 15
VisualStudioVersion = 15.0.28307.329
MinimumVisualStudioVersion = 10.0.40219.1
Project("{FAE04EC0-301F-11D3-BF4B-00C04F79EFBC}") = "WebBilletSystem", "WebBilletSystem\WebBilletSystem.csproj", "{A8263385-80DF-4388-926D-6EF1E04B8435}"
EndProject
Global
	GlobalSection(SolutionConfigurationPlatforms) = preSolution
		Debug|Any CPU = Debug|Any CPU
		Release|Any CPU = Release|Any CPU
	EndGlobalSection
	GlobalSection(ProjectConfigurationPlatforms) = postSolution
		{A8263385-80DF-4388-926D-6EF1E04B8435}.Debug|Any CPU.ActiveCfg = Debug|Any CPU
		{A8263385-80DF-4388-926D-6EF1E04B8435}.Debug|Any CPU.Build.0 = Debug|Any CPU
		{A8263385-80DF-4388-926D-6EF1E04B8435}.Release|Any CPU.ActiveCfg = Release|Any CPU
		{A8263385-80DF-4388-926D-6EF1E04B8435}.Release|Any CPU.Build.0 = Release|Any CPU
	EndGlobalSection
	GlobalSection(SolutionProperties) = preSolution
		HideSolutionNode = FALSE
	EndGlobalSection
	GlobalSection(ExtensibilityGlobals) = postSolution
		SolutionGuid = {C3FFFEB3-D953-44BC-920E-E18E1A3ECD4E}
	EndGlobalSection
EndGlobal
